# This file is automatically @generated by Cargo.
# It is not intended for manual editing.
version = 4

[[package]]
name = "bara-arm64"
version = "0.1.0"
dependencies = [
 "bara-ir",
]

[[package]]
name = "bara-ir"
version = "0.1.0"

[[package]]
name = "bara-isa-x86"
version = "0.1.0"
dependencies = [
 "bara-ir",
]

[[package]]
name = "bara-runtime"
version = "0.1.0"
dependencies = [
 "bara-arm64",
 "bara-ir",
 "bara-isa-x86",
 "libc",
]

[[package]]
name = "btbc-cli"
version = "0.1.0"
dependencies = [
 "bara-arm64",
 "bara-ir",
 "bara-isa-x86",
 "bara-runtime",
]

[[package]]
name = "libc"
version = "0.2.186"
source = "registry+https://github.com/rust-lang/crates.io-index"
checksum = "68ab91017fe16c622486840e4c83c9a37afeff978bd239b5293d61ece587de66"
